version: 1.0
shards:
  db:
    github: crystal-lang/crystal-db
    version: 0.3.3

  kemal:
    github: kemalcr/kemal
    commit: 72dc6cf77513e7b392dbeea260eaee4ffb9624b0

  kemal-csrf:
    github: kemalcr/kemal-csrf
    version: 0.1.0

  kemal-session:
    github: kemalcr/kemal-session
    version: 0.3.0

  kilt:
    github: jeromegn/kilt
    version: 0.3.3

  micrate:
    github: juanedi/micrate
    version: 0.3.0

  pg:
    github: will/crystal-pg
    version: 0.13.2

  radix:
    github: luislavena/radix
    version: 0.3.8

